
Microsoft Visual Studio Solution File, Format Version 12.00
# Visual Studio Version 16
VisualStudioVersion = 16.0.31424.327
MinimumVisualStudioVersion = 10.0.40219.1
Project("{FAE04EC0-301F-11D3-BF4B-00C04F79EFBC}") = "LINQ", "LINQ.csproj", "{3ADB44B0-C06E-467A-A431-92C244D3967E}"
EndProject
Global
	GlobalSection(SolutionConfigurationPlatforms) = preSolution
		Debug|Any CPU = Debug|Any CPU
		Release|Any CPU = Release|Any CPU
	EndGlobalSection
	GlobalSection(ProjectConfigurationPlatforms) = postSolution
		{3ADB44B0-C06E-467A-A431-92C244D3967E}.Debug|Any CPU.ActiveCfg = Debug|Any CPU
		{3ADB44B0-C06E-467A-A431-92C244D3967E}.Debug|Any CPU.Build.0 = Debug|Any CPU
		{3ADB44B0-C06E-467A-A431-92C244D3967E}.Release|Any CPU.ActiveCfg = Release|Any CPU
		{3ADB44B0-C06E-467A-A431-92C244D3967E}.Release|Any CPU.Build.0 = Release|Any CPU
	EndGlobalSection
	GlobalSection(SolutionProperties) = preSolution
		HideSolutionNode = FALSE
	EndGlobalSection
	GlobalSection(ExtensibilityGlobals) = postSolution
		SolutionGuid = {55CCB188-BB3D-452F-B971-CFC7F65C35F3}
	EndGlobalSection
EndGlobal
